// !$*UTF8*$!
{
	archiveVersion = 1;
	classes = {
	};
	objectVersion = 46;
	objects = {

/* Begin PBXBuildFile section */
		191323FB1E4B7A4000E51053 /* AppDelegate.swift in Sources */ = {isa = PBXBuildFile; fileRef = 191323FA1E4B7A4000E51053 /* AppDelegate.swift */; };
		191323FD1E4B7A4000E51053 /* ViewController.swift in Sources */ = {isa = PBXBuildFile; fileRef = 191323FC1E4B7A4000E51053 /* ViewController.swift */; };
		191324001E4B7A4000E51053 /* Main.storyboard in Resources */ = {isa = PBXBuildFile; fileRef = 191323FE1E4B7A4000E51053 /* Main.storyboard */; };
		191324021E4B7A4000E51053 /* Assets.xcassets in Resources */ = {isa = PBXBuildFile; fileRef = 191324011E4B7A4000E51053 /* Assets.xcassets */; };
		191324051E4B7A4000E51053 /* LaunchScreen.storyboard in Resources */ = {isa = PBXBuildFile; fileRef = 191324031E4B7A4000E51053 /* LaunchScreen.storyboard */; };
/* End PBXBuildFile section */

/* Begin PBXFileReference section */
		191323F71E4B7A4000E51053 /* MartinYoutubeApp.app */ = {isa = PBXFileReference; explicitFileType = wrapper.application; includeInIndex = 0; path = MartinYoutubeApp.app; sourceTree = BUILT_PRODUCTS_DIR; };
		191323FA1E4B7A4000E51053 /* AppDelegate.swift */ = {isa = PBXFileReference; lastKnownFileType = sourcecode.swift; path = AppDelegate.swift; sourceTree = "<group>"; };
		191323FC1E4B7A4000E51053 /* ViewController.swift */ = {isa = PBXFileReference; lastKnownFileType = sourcecode.swift; path = ViewController.swift; sourceTree = "<group>"; };
		191323FF1E4B7A4000E51053 /* Base */ = {isa = PBXFileReference; lastKnownFileType = file.storyboard; name = Base; path = Base.lproj/Main.storyboard; sourceTree = "<group>"; };
		191324011E4B7A4000E51053 /* Assets.xcassets */ = {isa = PBXFileReference; lastKnownFileType = folder.assetcatalog; path = Assets.xcassets; sourceTree = "<group>"; };
		191324041E4B7A4000E51053 /* Base */ = {isa = PBXFileReference; lastKnownFileType = file.storyboard; name = Base; path = Base.lproj/LaunchScreen.storyboard; sourceTree = "<group>"; };
		191324061E4B7A4000E51053 /* Info.plist */ = {isa = PBXFileReference; lastKnownFileType = text.plist.xml; path = Info.plist; sourceTree = "<group>"; };
/* End PBXFileReference section */

/* Begin PBXFrameworksBuildPhase section */
		191323F41E4B7A4000E51053 /* Frameworks */ = {
			isa = PBXFrameworksBuildPhase;
			buildActionMask = 2147483647;
			files = (
			);
			runOnlyForDeploymentPostprocessing = 0;
		};
/* End PBXFrameworksBuildPhase section */

/* Begin PBXGroup section */
		191323EE1E4B7A4000E51053 = {
			isa = PBXGroup;
			children = (
				191323F91E4B7A4000E51053 /* MartinYoutubeApp */,
				191323F81E4B7A4000E51053 /* Products */,
			);
			sourceTree = "<group>";
		};
		191323F81E4B7A4000E51053 /* Products */ = {
			isa = PBXGroup;
			children = (
				191323F71E4B7A4000E51053 /* MartinYoutubeApp.app */,
			);
			name = Products;
			sourceTree = "<group>";
		};
		191323F91E4B7A4000E51053 /* MartinYoutubeApp */ = {
			isa = PBXGroup;
			children = (
				191323FA1E4B7A4000E51053 /* AppDelegate.swift */,
				191323FC1E4B7A4000E51053 /* ViewController.swift */,
				191323FE1E4B7A4000E51053 /* Main.storyboard */,
				191324011E4B7A4000E51053 /* Assets.xcassets */,
				191324031E4B7A4000E51053 /* LaunchScreen.storyboard */,
				191324061E4B7A4000E51053 /* Info.plist */,
			);
			path = MartinYoutubeApp;
			sourceTree = "<group>";
		};
/* End PBXGroup section */

/* Begin PBXNativeTarget section */
		191323F61E4B7A4000E51053 /* MartinYoutubeApp */ = {
			isa = PBXNativeTarget;
			buildConfigurationList = 191324091E4B7A4000E51053 /* Build configuration list for PBXNativeTarget "MartinYoutubeApp" */;
			buildPhases = (
				191323F31E4B7A4000E51053 /* Sources */,
				191323F41E4B7A4000E51053 /* Frameworks */,
				191323F51E4B7A4000E51053 /* Resources */,
			);
			buildRules = (
			);
			dependencies = (
			);
			name = MartinYoutubeApp;
			productName = MartinYoutubeApp;
			productReference = 191323F71E4B7A4000E51053 /* MartinYoutubeApp.app */;
			productType = "com.apple.product-type.application";
		};
/* End PBXNativeTarget section */

/* Begin PBXProject section */
		191323EF1E4B7A4000E51053 /* Project object */ = {
			isa = PBXProject;
			attributes = {
				LastSwiftUpdateCheck = 0820;
				LastUpgradeCheck = 0820;
				ORGANIZATIONNAME = "Martin Nordström";
				TargetAttributes = {
					191323F61E4B7A4000E51053 = {
						CreatedOnToolsVersion = 8.2.1;
						DevelopmentTeam = XVNZAPSZS5;
						ProvisioningStyle = Automatic;
					};
				};
			};
			buildConfigurationList = 191323F21E4B7A4000E51053 /* Build configuration list for PBXProject "MartinYoutubeApp" */;
			compatibilityVersion = "Xcode 3.2";
			developmentRegion = English;
			hasScannedForEncodings = 0;
			knownRegions = (
				en,
				Base,
			);
			mainGroup = 191323EE1E4B7A4000E51053;
			productRefGroup = 191323F81E4B7A4000E51053 /* Products */;
			projectDirPath = "";
			projectRoot = "";
			targets = (
				191323F61E4B7A4000E51053 /* MartinYoutubeApp */,
			);
		};
/* End PBXProject section */

/* Begin PBXResourcesBuildPhase section */
		191323F51E4B7A4000E51053 /* Resources */ = {
			isa = PBXResourcesBuildPhase;
			buildActionMask = 2147483647;
			files = (
				191324051E4B7A4000E51053 /* LaunchScreen.storyboard in Resources */,
				191324021E4B7A4000E51053 /* Assets.xcassets in Resources */,
				191324001E4B7A4000E51053 /* Main.storyboard in Resources */,
			);
			runOnlyForDeploymentPostprocessing = 0;
		};
/* End PBXResourcesBuildPhase section */

/* Begin PBXSourcesBuildPhase section */
		191323F31E4B7A4000E51053 /* Sources */ = {
			isa = PBXSourcesBuildPhase;
			buildActionMask = 2147483647;
			files = (
				191323FD1E4B7A4000E51053 /* ViewController.swift in Sources */,
				191323FB1E4B7A4000E51053 /* AppDelegate.swift in Sources */,
			);
			runOnlyForDeploymentPostprocessing = 0;
		};
/* End PBXSourcesBuildPhase section */

/* Begin PBXVariantGroup section */
		191323FE1E4B7A4000E51053 /* Main.storyboard */ = {
			isa = PBXVariantGroup;
			children = (
				191323FF1E4B7A4000E51053 /* Base */,
			);
			name = Main.storyboard;
			sourceTree = "<group>";
		};
		191324031E4B7A4000E51053 /* LaunchScreen.storyboard */ = {
			isa = PBXVariantGroup;
			children = (
				191324041E4B7A4000E51053 /* Base */,
			);
			name = LaunchScreen.storyboard;
			sourceTree = "<group>";
		};
/* End PBXVariantGroup section */

/* Begin XCBuildConfiguration section */
		191324071E4B7A4000E51053 /* Debug */ = {
			isa = XCBuildConfiguration;
			buildSettings = {
				ALWAYS_SEARCH_USER_PATHS = NO;
				CLANG_ANALYZER_NONNULL = YES;
				CLANG_CXX_LANGUAGE_STANDARD = "gnu++0x";
				CLANG_CXX_LIBRARY = "libc++";
				CLANG_ENABLE_MODULES = YES;
				CLANG_ENABLE_OBJC_ARC = YES;
				CLANG_WARN_BOOL_CONVERSION = YES;
				CLANG_WARN_CONSTANT_CONVERSION = YES;
				CLANG_WARN_DIRECT_OBJC_ISA_USAGE = YES_ERROR;
				CLANG_WARN_DOCUMENTATION_COMMENTS = YES;
				CLANG_WARN_EMPTY_BODY = YES;
				CLANG_WARN_ENUM_CONVERSION = YES;
				CLANG_WARN_INFINITE_RECURSION = YES;
				CLANG_WARN_INT_CONVERSION = YES;
				CLANG_WARN_OBJC_ROOT_CLASS = YES_ERROR;
				CLANG_WARN_SUSPICIOUS_MOVE = YES;
				CLANG_WARN_UNREACHABLE_CODE = YES;
				CLANG_WARN__DUPLICATE_METHOD_MATCH = YES;
				"CODE_SIGN_IDENTITY[sdk=iphoneos*]" = "iPhone Developer";
				COPY_PHASE_STRIP = NO;
				DEBUG_INFORMATION_FORMAT = dwarf;
				ENABLE_STRICT_OBJC_MSGSEND = YES;
				ENABLE_TESTABILITY = YES;
				GCC_C_LANGUAGE_STANDARD = gnu99;
				GCC_DYNAMIC_NO_PIC = NO;
				GCC_NO_COMMON_BLOCKS = YES;
				GCC_OPTIMIZATION_LEVEL = 0;
				GCC_PREPROCESSOR_DEFINITIONS = (
					"DEBUG=1",
					"$(inherited)",
				);
				GCC_WARN_64_TO_32_BIT_CONVERSION = YES;
				GCC_WARN_ABOUT_RETURN_TYPE = YES_ERROR;
				GCC_WARN_UNDECLARED_SELECTOR = YES;
				GCC_WARN_UNINITIALIZED_AUTOS = YES_AGGRESSIVE;
				GCC_WARN_UNUSED_FUNCTION = YES;
				GCC_WARN_UNUSED_VARIABLE = YES;
				IPHONEOS_DEPLOYMENT_TARGET = 10.2;
				MTL_ENABLE_DEBUG_INFO = YES;
				ONLY_ACTIVE_ARCH = YES;
				SDKROOT = iphoneos;
				SWIFT_ACTIVE_COMPILATION_CONDITIONS = DEBUG;
				SWIFT_OPTIMIZATION_LEVEL = "-Onone";
				TARGETED_DEVICE_FAMILY = "1,2";
			};
			name = Debug;
		};
		191324081E4B7A4000E51053 /* Release */ = {
			isa = XCBuildConfiguration;
			buildSettings = {
				ALWAYS_SEARCH_USER_PATHS = NO;
				CLANG_ANALYZER_NONNULL = YES;
				CLANG_CXX_LANGUAGE_STANDARD = "gnu++0x";
				CLANG_CXX_LIBRARY = "libc++";
				CLANG_ENABLE_MODULES = YES;
				CLANG_ENABLE_OBJC_ARC = YES;
				CLANG_WARN_BOOL_CONVERSION = YES;
				CLANG_WARN_CONSTANT_CONVERSION = YES;
				CLANG_WARN_DIRECT_OBJC_ISA_USAGE = YES_ERROR;
				CLANG_WARN_DOCUMENTATION_COMMENTS = YES;
				CLANG_WARN_EMPTY_BODY = YES;
				CLANG_WARN_ENUM_CONVERSION = YES;
				CLANG_WARN_INFINITE_RECURSION = YES;
				CLANG_WARN_INT_CONVERSION = YES;
				CLANG_WARN_OBJC_ROOT_CLASS = YES_ERROR;
				CLANG_WARN_SUSPICIOUS_MOVE = YES;
				CLANG_WARN_UNREACHABLE_CODE = YES;
				CLANG_WARN__DUPLICATE_METHOD_MATCH = YES;
				"CODE_SIGN_IDENTITY[sdk=iphoneos*]" = "iPhone Developer";
				COPY_PHASE_STRIP = NO;
				DEBUG_INFORMATION_FORMAT = "dwarf-with-dsym";
				ENABLE_NS_ASSERTIONS = NO;
				ENABLE_STRICT_OBJC_MSGSEND = YES;
				GCC_C_LANGUAGE_STANDARD = gnu99;
				GCC_NO_COMMON_BLOCKS = YES;
				GCC_WARN_64_TO_32_BIT_CONVERSION = YES;
				GCC_WARN_ABOUT_RETURN_TYPE = YES_ERROR;
				GCC_WARN_UNDECLARED_SELECTOR = YES;
				GCC_WARN_UNINITIALIZED_AUTOS = YES_AGGRESSIVE;
				GCC_WARN_UNUSED_FUNCTION = YES;
				GCC_WARN_UNUSED_VARIABLE = YES;
				IPHONEOS_DEPLOYMENT_TARGET = 10.2;
				MTL_ENABLE_DEBUG_INFO = NO;
				SDKROOT = iphoneos;
				SWIFT_OPTIMIZATION_LEVEL = "-Owholemodule";
				TARGETED_DEVICE_FAMILY = "1,2";
				VALIDATE_PRODUCT = YES;
			};
			name = Release;
		};
		1913240A1E4B7A4000E51053 /* Debug */ = {
			isa = XCBuildConfiguration;
			buildSettings = {
				ASSETCATALOG_COMPILER_APPICON_NAME = AppIcon;
				DEVELOPMENT_TEAM = XVNZAPSZS5;
				INFOPLIST_FILE = MartinYoutubeApp/Info.plist;
				LD_RUNPATH_SEARCH_PATHS = "$(inherited) @executable_path/Frameworks";
				PRODUCT_BUNDLE_IDENTIFIER = MartinNord.MartinYoutubeApp;
				PRODUCT_NAME = "$(TARGET_NAME)";
				SWIFT_VERSION = 3.0;
			};
			name = Debug;
		};
		1913240B1E4B7A4000E51053 /* Release */ = {
			isa = XCBuildConfiguration;
			buildSettings = {
				ASSETCATALOG_COMPILER_APPICON_NAME = AppIcon;
				DEVELOPMENT_TEAM = XVNZAPSZS5;
				INFOPLIST_FILE = MartinYoutubeApp/Info.plist;
				LD_RUNPATH_SEARCH_PATHS = "$(inherited) @executable_path/Frameworks";
				PRODUCT_BUNDLE_IDENTIFIER = MartinNord.MartinYoutubeApp;
				PRODUCT_NAME = "$(TARGET_NAME)";
				SWIFT_VERSION = 3.0;
			};
			name = Release;
		};
/* End XCBuildConfiguration section */

/* Begin XCConfigurationList section */
		191323F21E4B7A4000E51053 /* Build configuration list for PBXProject "MartinYoutubeApp" */ = {
			isa = XCConfigurationList;
			buildConfigurations = (
				191324071E4B7A4000E51053 /* Debug */,
				191324081E4B7A4000E51053 /* Release */,
			);
			defaultConfigurationIsVisible = 0;
			defaultConfigurationName = Release;
		};
		191324091E4B7A4000E51053 /* Build configuration list for PBXNativeTarget "MartinYoutubeApp" */ = {
			isa = XCConfigurationList;
			buildConfigurations = (
				1913240A1E4B7A4000E51053 /* Debug */,
				1913240B1E4B7A4000E51053 /* Release */,
			);
			defaultConfigurationIsVisible = 0;
		};
/* End XCConfigurationList section */
	};
	rootObject = 191323EF1E4B7A4000E51053 /* Project object */;
}
